# This file may be used to create an environment using:
# $ conda create --name <env> --file <this file>
# platform: win-64
# created-by: conda 26.7.1
@EXPLICIT
https://conda.anaconda.org/conda-forge/noarch/ca-certificates-2026.7.22-h4c7d964_0.conda
https://conda.anaconda.org/conda-forge/noarch/cuda-version-13.2-he2cc418_3.conda
https://conda.anaconda.org/conda-forge/noarch/python_abi-3.12-9_cp312.conda
https://conda.anaconda.org/conda-forge/noarch/tzdata-2026c-h151e31d_0.conda
https://conda.anaconda.org/conda-forge/win-64/ucrt-10.0.26100.0-h57928b3_0.conda
https://conda.anaconda.org/conda-forge/noarch/cuda-cccl_win-64-13.2.86-h57928b3_0.conda
https://conda.anaconda.org/conda-forge/noarch/cuda-cudart-static_win-64-13.2.86-hac47afa_0.conda
https://conda.anaconda.org/conda-forge/noarch/cuda-cudart_win-64-13.2.86-hac47afa_0.conda
https://conda.anaconda.org/conda-forge/win-64/libwinpthread-12.0.0.r4.gg4f2fc60ca-h57928b3_10.conda
https://conda.anaconda.org/conda-forge/win-64/vcomp14-14.51.36247-habf1de7_41.conda
https://conda.anaconda.org/conda-forge/noarch/cuda-cudart-dev_win-64-13.2.86-hac47afa_0.conda
https://conda.anaconda.org/conda-forge/win-64/vc14_runtime-14.51.36247-habf1de7_41.conda
https://conda.anaconda.org/conda-forge/win-64/vc-14.5-ha367084_41.conda
https://conda.anaconda.org/conda-forge/win-64/bzip2-1.0.8-h0ad9c76_10.conda
https://conda.anaconda.org/conda-forge/win-64/comrak-0.55.0-h18a1a76_0.conda
https://conda.anaconda.org/conda-forge/win-64/cuda-nvrtc-13.2.86-hac47afa_0.conda
https://conda.anaconda.org/conda-forge/win-64/icu-78.3-h5112557_2.conda
https://conda.anaconda.org/conda-forge/win-64/lerc-4.2.0-hd936e49_0.conda
https://conda.anaconda.org/conda-forge/win-64/libcufft-12.2.0.57-hac47afa_0.conda
https://conda.anaconda.org/conda-forge/win-64/libcurand-10.4.2.66-hac47afa_0.conda
https://conda.anaconda.org/conda-forge/win-64/libdeflate-1.25-h1a1d4e4_1.conda
https://conda.anaconda.org/conda-forge/win-64/libexpat-2.8.1-hac47afa_1.conda
https://conda.anaconda.org/conda-forge/win-64/libffi-3.7.0-h3d046cb_1.conda
https://conda.anaconda.org/conda-forge/win-64/libiconv-1.18-hc1393d2_3.conda
https://conda.anaconda.org/conda-forge/win-64/libjpeg-turbo-3.2.0-hfd05255_1.conda
https://conda.anaconda.org/conda-forge/win-64/liblzma-5.8.3-hfd05255_1.conda
https://conda.anaconda.org/conda-forge/win-64/libnvjitlink-13.4.52-hac47afa_1.conda
https://conda.anaconda.org/conda-forge/win-64/libpython-3.12.14-hcc31f7b_3_cpython.conda
https://conda.anaconda.org/conda-forge/win-64/libsqlite-3.53.4-hf5d6505_1.conda
https://conda.anaconda.org/conda-forge/win-64/libwebp-base-1.6.0-h4d5522a_1.conda
https://conda.anaconda.org/conda-forge/win-64/libzlib-1.3.2-hfd05255_3.conda
https://conda.anaconda.org/conda-forge/win-64/llvm-openmp-23.1.1-h49e36cd_0.conda
https://conda.anaconda.org/conda-forge/win-64/openssl-3.6.4-hf411b9b_0.conda
https://conda.anaconda.org/conda-forge/win-64/tk-8.6.13-h967ab96_4.conda
https://conda.anaconda.org/conda-forge/win-64/zlib-ng-2.3.3-h0261ad2_1.conda
https://conda.anaconda.org/conda-forge/win-64/libcublas-13.4.1.3-hac47afa_0.conda
https://conda.anaconda.org/conda-forge/win-64/libcusparse-12.7.10.12-hac47afa_0.conda
https://conda.anaconda.org/conda-forge/win-64/libpng-1.6.58-hdc8cecf_1.conda
https://conda.anaconda.org/conda-forge/win-64/libxml2-16-2.15.4-h3cfd58e_0.conda
https://conda.anaconda.org/conda-forge/win-64/python-3.12.14-hb12b558_3_cpython.conda
https://conda.anaconda.org/conda-forge/win-64/zstd-1.5.7-h534d264_7.conda
https://conda.anaconda.org/conda-forge/noarch/backports-1.0-pyhd8ed1ab_5.conda
https://conda.anaconda.org/conda-forge/win-64/backports.zstd-1.7.0-py312h06d0912_1.conda
https://conda.anaconda.org/conda-forge/win-64/brotli-python-1.2.0-py312ha763cb9_4.conda
https://conda.anaconda.org/conda-forge/noarch/certifi-2026.7.22-pyhd8ed1ab_0.conda
https://conda.anaconda.org/conda-forge/noarch/charset-normalizer-3.5.1-pyhd8ed1ab_0.conda
https://conda.anaconda.org/conda-forge/noarch/colorama-0.4.6-pyhd8ed1ab_1.conda
https://conda.anaconda.org/conda-forge/win-64/coverage-7.16.0-py312h6fa65f5_0.conda
https://conda.anaconda.org/conda-forge/noarch/cpython-3.12.14-py312hd8ed1ab_3.conda
https://conda.anaconda.org/conda-forge/noarch/cuda-pathfinder-1.8.1-pyhc364b38_0.conda
https://conda.anaconda.org/conda-forge/noarch/docutils-0.23-pyhcf101f3_0.conda
https://conda.anaconda.org/conda-forge/noarch/hpack-4.2.0-pyhd8ed1ab_0.conda
https://conda.anaconda.org/conda-forge/noarch/hyperframe-6.1.0-pyhd8ed1ab_0.conda
https://conda.anaconda.org/conda-forge/noarch/idna-3.19-pyhcf101f3_0.conda
https://conda.anaconda.org/conda-forge/noarch/iniconfig-2.3.0-pyhd8ed1ab_0.conda
https://conda.anaconda.org/conda-forge/win-64/libcusolver-12.2.0.11-hac47afa_0.conda
https://conda.anaconda.org/conda-forge/win-64/libfreetype6-2.14.3-hdbac1cb_2.conda
https://conda.anaconda.org/conda-forge/win-64/libtiff-4.7.2-h8f73337_1.conda
https://conda.anaconda.org/conda-forge/win-64/libxml2-2.15.4-he095d88_0.conda
https://conda.anaconda.org/conda-forge/noarch/mdurl-0.1.2-pyhd8ed1ab_1.conda
https://conda.anaconda.org/conda-forge/noarch/more-itertools-11.1.0-pyhcf101f3_0.conda
https://conda.anaconda.org/conda-forge/noarch/packaging-26.3-pyhc364b38_0.conda
https://conda.anaconda.org/conda-forge/noarch/pluggy-1.6.0-pyhf9edf01_1.conda
https://conda.anaconda.org/conda-forge/noarch/pygments-2.21.0-pyhcf101f3_0.conda
https://conda.anaconda.org/conda-forge/win-64/pywin32-ctypes-0.2.3-py312h2e8e312_4.conda
https://conda.anaconda.org/conda-forge/noarch/rfc3986-2.0.0-pyhd8ed1ab_1.conda
https://conda.anaconda.org/conda-forge/win-64/ruff-0.16.6-hcc30601_0.conda
https://conda.anaconda.org/conda-forge/noarch/setuptools-84.0.0-pyh332efcf_0.conda
https://conda.anaconda.org/conda-forge/noarch/tomli-2.4.1-pyhcf101f3_0.conda
https://conda.anaconda.org/conda-forge/noarch/typing_extensions-4.16.0-pyhcf101f3_0.conda
https://conda.anaconda.org/conda-forge/noarch/win_inet_pton-1.1.0-pyh7428d3b_8.conda
https://conda.anaconda.org/conda-forge/noarch/zipp-4.1.0-pyhcf101f3_0.conda
https://conda.anaconda.org/conda-forge/noarch/backports.tarfile-1.2.0-pyhcf101f3_2.conda
https://conda.anaconda.org/conda-forge/noarch/exceptiongroup-1.3.1-pyhd8ed1ab_0.conda
https://conda.anaconda.org/conda-forge/noarch/h2-4.4.1-pyhcf101f3_0.conda
https://conda.anaconda.org/conda-forge/noarch/importlib-metadata-9.0.1-pyhcf101f3_0.conda
https://conda.anaconda.org/conda-forge/noarch/importlib_resources-7.1.0-pyhd8ed1ab_0.conda
https://conda.anaconda.org/conda-forge/noarch/jaraco.classes-3.4.0-pyhcf101f3_3.conda
https://conda.anaconda.org/conda-forge/noarch/jaraco.functools-4.6.0-pyhcf101f3_0.conda
https://conda.anaconda.org/conda-forge/win-64/lcms2-2.19.1-hf2c6c5f_3.conda
https://conda.anaconda.org/conda-forge/win-64/libfreetype-2.14.3-h57928b3_2.conda
https://conda.anaconda.org/conda-forge/win-64/libhwloc-2.13.0-default_h049141e_1000.conda
https://conda.anaconda.org/conda-forge/noarch/markdown-it-py-4.2.0-pyhd8ed1ab_0.conda
https://conda.anaconda.org/conda-forge/win-64/openjpeg-2.5.4-h90fa87c_2.conda
https://conda.anaconda.org/conda-forge/noarch/pyproject_hooks-1.2.0-pyhd8ed1ab_1.conda
https://conda.anaconda.org/conda-forge/noarch/pysocks-1.7.1-pyh09c184e_7.conda
https://conda.anaconda.org/conda-forge/noarch/python-gil-3.12.14-hd8ed1ab_3.conda
https://conda.anaconda.org/conda-forge/noarch/wheel-0.48.0-pyhd8ed1ab_0.conda
https://conda.anaconda.org/conda-forge/noarch/_python_abi3_support-1.0-hd8ed1ab_3.conda
https://conda.anaconda.org/conda-forge/noarch/jaraco.context-6.1.2-pyhcf101f3_0.conda
https://conda.anaconda.org/conda-forge/win-64/pillow-12.3.0-py312h7bb5964_4.conda
https://conda.anaconda.org/conda-forge/noarch/pip-26.2.1-pyh8b19718_0.conda
https://conda.anaconda.org/conda-forge/noarch/pytest-9.1.1-pyhc364b38_2.conda
https://conda.anaconda.org/conda-forge/noarch/python-build-1.6.0-pyhc364b38_0.conda
https://conda.anaconda.org/conda-forge/noarch/rich-15.0.0-pyhcf101f3_0.conda
https://conda.anaconda.org/conda-forge/win-64/tbb-2023.1.0-hdcfe883_0.conda
https://conda.anaconda.org/conda-forge/noarch/urllib3-2.7.0-pyhd8ed1ab_0.conda
https://conda.anaconda.org/conda-forge/noarch/id-1.6.1-pyhcf101f3_0.conda
https://conda.anaconda.org/conda-forge/noarch/keyring-25.7.0-pyh7428d3b_0.conda
https://conda.anaconda.org/conda-forge/win-64/mkl-2026.1.0-hac47afa_235.conda
https://conda.anaconda.org/conda-forge/win-64/nh3-0.3.7-py310ha413424_0.conda
https://conda.anaconda.org/conda-forge/noarch/pytest-cov-7.1.0-pyhcf101f3_0.conda
https://conda.anaconda.org/conda-forge/noarch/requests-2.34.2-pyhcf101f3_0.conda
https://conda.anaconda.org/conda-forge/win-64/libblas-3.11.0-10_h8455456_mkl.conda
https://conda.anaconda.org/conda-forge/noarch/readme_renderer-46.0-pyhcf101f3_0.conda
https://conda.anaconda.org/conda-forge/noarch/requests-toolbelt-1.0.0-pyhd8ed1ab_1.conda
https://conda.anaconda.org/conda-forge/win-64/libcblas-3.11.0-10_h2a3cdd5_mkl.conda
https://conda.anaconda.org/conda-forge/win-64/liblapack-3.11.0-10_hf9ab0e9_mkl.conda
https://conda.anaconda.org/conda-forge/noarch/twine-7.0.0-pyhcf101f3_0.conda
https://conda.anaconda.org/conda-forge/win-64/numpy-2.4.6-py312ha3f287d_0.conda
https://conda.anaconda.org/conda-forge/win-64/cupy-core-14.2.0-py312h678d831_0.conda
https://conda.anaconda.org/conda-forge/win-64/cupy-14.2.0-py312h0153bfc_0.conda
